// !$*UTF8*$!
{
	archiveVersion = 1;
	classes = {
	};
	objectVersion = 55;
	objects = {

/* Begin PBXFileReference section */
		F556ED56282ADDBB0062522A /* README.md */ = {isa = PBXFileReference; lastKnownFileType = net.daringfireball.markdown; path = README.md; sourceTree = "<group>"; };
		F556ED57282ADDC70062522A /* LICENSE */ = {isa = PBXFileReference; lastKnownFileType = text; path = LICENSE; sourceTree = "<group>"; };
		F556ED58282AFEDC0062522A /* build.sh */ = {isa = PBXFileReference; lastKnownFileType = text.script.sh; path = build.sh; sourceTree = "<group>"; };
		F556ED59282AFF250062522A /* build.py */ = {isa = PBXFileReference; lastKnownFileType = text.script.python; path = build.py; sourceTree = "<group>"; };
		F556ED5A282B050E0062522A /* download */ = {isa = PBXFileReference; lastKnownFileType = text; path = download; sourceTree = "<group>"; xcLanguageSpecificationIdentifier = xcode.lang.sh; };
		F556ED5B282B05A20062522A /* downloadVideo */ = {isa = PBXFileReference; lastKnownFileType = text; path = downloadVideo; sourceTree = "<group>"; xcLanguageSpecificationIdentifier = xcode.lang.sh; };
/* End PBXFileReference section */

/* Begin PBXGroup section */
		F556ED48282ADD180062522A = {
			isa = PBXGroup;
			children = (
				F556ED58282AFEDC0062522A /* build.sh */,
				F556ED59282AFF250062522A /* build.py */,
				F556ED5A282B050E0062522A /* download */,
				F556ED5B282B05A20062522A /* downloadVideo */,
				F556ED57282ADDC70062522A /* LICENSE */,
				F556ED56282ADDBB0062522A /* README.md */,
			);
			sourceTree = "<group>";
		};
/* End PBXGroup section */

/* Begin PBXProject section */
		F556ED49282ADD180062522A /* Project object */ = {
			isa = PBXProject;
			attributes = {
				BuildIndependentTargetsInParallel = 1;
				LastUpgradeCheck = 1320;
			};
			buildConfigurationList = F556ED4C282ADD180062522A /* Build configuration list for PBXProject "osman" */;
			compatibilityVersion = "Xcode 13.0";
			developmentRegion = en;
			hasScannedForEncodings = 0;
			knownRegions = (
				en,
				Base,
			);
			mainGroup = F556ED48282ADD180062522A;
			projectDirPath = "";
			projectRoot = "";
			targets = (
			);
		};
/* End PBXProject section */

/* Begin XCBuildConfiguration section */
		F556ED4D282ADD180062522A /* Debug */ = {
			isa = XCBuildConfiguration;
			buildSettings = {
			};
			name = Debug;
		};
		F556ED4E282ADD180062522A /* Release */ = {
			isa = XCBuildConfiguration;
			buildSettings = {
			};
			name = Release;
		};
/* End XCBuildConfiguration section */

/* Begin XCConfigurationList section */
		F556ED4C282ADD180062522A /* Build configuration list for PBXProject "osman" */ = {
			isa = XCConfigurationList;
			buildConfigurations = (
				F556ED4D282ADD180062522A /* Debug */,
				F556ED4E282ADD180062522A /* Release */,
			);
			defaultConfigurationIsVisible = 0;
			defaultConfigurationName = Release;
		};
/* End XCConfigurationList section */
	};
	rootObject = F556ED49282ADD180062522A /* Project object */;
}
